
Microsoft Visual Studio Solution File, Format Version 12.00
# Visual Studio 2013
VisualStudioVersion = 12.0.31101.0
MinimumVisualStudioVersion = 10.0.40219.1
Project("{FAE04EC0-301F-11D3-BF4B-00C04F79EFBC}") = "NumericSequenceCalculator", "NumericSequenceCalculator\NumericSequenceCalculator.csproj", "{93EF520F-141C-4B86-AB75-760EAE0A3DF3}"
EndProject
Project("{FAE04EC0-301F-11D3-BF4B-00C04F79EFBC}") = "NumericSequenceCalculator.Tests", "NumericSequenceCalculator.Tests\NumericSequenceCalculator.Tests.csproj", "{D0FA227C-E40E-48DB-B691-0368BF8B37C3}"
EndProject
Global
	GlobalSection(SolutionConfigurationPlatforms) = preSolution
		Debug|Any CPU = Debug|Any CPU
		Release|Any CPU = Release|Any CPU
	EndGlobalSection
	GlobalSection(ProjectConfigurationPlatforms) = postSolution
		{93EF520F-141C-4B86-AB75-760EAE0A3DF3}.Debug|Any CPU.ActiveCfg = Debug|Any CPU
		{93EF520F-141C-4B86-AB75-760EAE0A3DF3}.Debug|Any CPU.Build.0 = Debug|Any CPU
		{93EF520F-141C-4B86-AB75-760EAE0A3DF3}.Release|Any CPU.ActiveCfg = Release|Any CPU
		{93EF520F-141C-4B86-AB75-760EAE0A3DF3}.Release|Any CPU.Build.0 = Release|Any CPU
		{D0FA227C-E40E-48DB-B691-0368BF8B37C3}.Debug|Any CPU.ActiveCfg = Debug|Any CPU
		{D0FA227C-E40E-48DB-B691-0368BF8B37C3}.Debug|Any CPU.Build.0 = Debug|Any CPU
		{D0FA227C-E40E-48DB-B691-0368BF8B37C3}.Release|Any CPU.ActiveCfg = Release|Any CPU
		{D0FA227C-E40E-48DB-B691-0368BF8B37C3}.Release|Any CPU.Build.0 = Release|Any CPU
	EndGlobalSection
	GlobalSection(SolutionProperties) = preSolution
		HideSolutionNode = FALSE
	EndGlobalSection
EndGlobal
